{
    "name": "TokenBatchSender",
    "lockfileVersion": 2,
    "requires": true,
    "packages": {
        "": {
            "dependencies": {
                "@openzeppelin/contracts": "^3.4.0"
            }
        },
        "node_modules/@openzeppelin/contracts": {
            "version": "3.4.1",
            "resolved": "https://registry.npm.taobao.org/@openzeppelin/contracts/download/@openzeppelin/contracts-3.4.1.tgz",
            "integrity": "sha1-A8iR/sf5O+CuRO105XoSKjhzLOc="
        }
    },
    "dependencies": {
        "@openzeppelin/contracts": {
            "version": "3.4.1",
            "resolved": "https://registry.npm.taobao.org/@openzeppelin/contracts/download/@openzeppelin/contracts-3.4.1.tgz",
            "integrity": "sha1-A8iR/sf5O+CuRO105XoSKjhzLOc="
        }
    }
}
